
Microsoft Visual Studio Solution File, Format Version 12.00
# Visual Studio Version 16
VisualStudioVersion = 16.0.29613.14
MinimumVisualStudioVersion = 10.0.40219.1
Project("{9A19103F-16F7-4668-BE54-9A1E7A4F7556}") = "API", "API\API.csproj", "{530AA267-5DBE-465F-ACE2-3F2FF44EBA49}"
EndProject
Project("{9A19103F-16F7-4668-BE54-9A1E7A4F7556}") = "BL", "BL\BL.csproj", "{8884F406-CC6C-4FAD-B5C0-7DECF226E651}"
EndProject
Project("{9A19103F-16F7-4668-BE54-9A1E7A4F7556}") = "DAL", "DAL\DAL.csproj", "{756939A6-6E37-4EB3-8D80-8E5428E25B55}"
EndProject
Project("{FAE04EC0-301F-11D3-BF4B-00C04F79EFBC}") = "TestConsole", "TestConsole\TestConsole.csproj", "{92FDEB96-A9C9-4587-AB94-869825457FCF}"
EndProject
Global
	GlobalSection(SolutionConfigurationPlatforms) = preSolution
		Debug|Any CPU = Debug|Any CPU
		Release|Any CPU = Release|Any CPU
	EndGlobalSection
	GlobalSection(ProjectConfigurationPlatforms) = postSolution
		{530AA267-5DBE-465F-ACE2-3F2FF44EBA49}.Debug|Any CPU.ActiveCfg = Debug|Any CPU
		{530AA267-5DBE-465F-ACE2-3F2FF44EBA49}.Debug|Any CPU.Build.0 = Debug|Any CPU
		{530AA267-5DBE-465F-ACE2-3F2FF44EBA49}.Release|Any CPU.ActiveCfg = Release|Any CPU
		{530AA267-5DBE-465F-ACE2-3F2FF44EBA49}.Release|Any CPU.Build.0 = Release|Any CPU
		{8884F406-CC6C-4FAD-B5C0-7DECF226E651}.Debug|Any CPU.ActiveCfg = Debug|Any CPU
		{8884F406-CC6C-4FAD-B5C0-7DECF226E651}.Debug|Any CPU.Build.0 = Debug|Any CPU
		{8884F406-CC6C-4FAD-B5C0-7DECF226E651}.Release|Any CPU.ActiveCfg = Release|Any CPU
		{8884F406-CC6C-4FAD-B5C0-7DECF226E651}.Release|Any CPU.Build.0 = Release|Any CPU
		{756939A6-6E37-4EB3-8D80-8E5428E25B55}.Debug|Any CPU.ActiveCfg = Debug|Any CPU
		{756939A6-6E37-4EB3-8D80-8E5428E25B55}.Debug|Any CPU.Build.0 = Debug|Any CPU
		{756939A6-6E37-4EB3-8D80-8E5428E25B55}.Release|Any CPU.ActiveCfg = Release|Any CPU
		{756939A6-6E37-4EB3-8D80-8E5428E25B55}.Release|Any CPU.Build.0 = Release|Any CPU
		{92FDEB96-A9C9-4587-AB94-869825457FCF}.Debug|Any CPU.ActiveCfg = Debug|Any CPU
		{92FDEB96-A9C9-4587-AB94-869825457FCF}.Debug|Any CPU.Build.0 = Debug|Any CPU
		{92FDEB96-A9C9-4587-AB94-869825457FCF}.Release|Any CPU.ActiveCfg = Release|Any CPU
		{92FDEB96-A9C9-4587-AB94-869825457FCF}.Release|Any CPU.Build.0 = Release|Any CPU
	EndGlobalSection
	GlobalSection(SolutionProperties) = preSolution
		HideSolutionNode = FALSE
	EndGlobalSection
	GlobalSection(ExtensibilityGlobals) = postSolution
		SolutionGuid = {FCD250CF-D2F5-4A11-AACD-B0FF270CB132}
	EndGlobalSection
EndGlobal
